
Microsoft Visual Studio Solution File, Format Version 12.00
# Visual Studio Version 17
VisualStudioVersion = 17.14.36203.30 d17.14
MinimumVisualStudioVersion = 10.0.40219.1
Project("{FAE04EC0-301F-11D3-BF4B-00C04F79EFBC}") = "exe.LogicaBasica", "exe.LogicaBasica\exe.LogicaBasica.csproj", "{00002ADF-1BF9-4AD3-92DE-C634231C2326}"
EndProject
Global
	GlobalSection(SolutionConfigurationPlatforms) = preSolution
		Debug|Any CPU = Debug|Any CPU
		Release|Any CPU = Release|Any CPU
	EndGlobalSection
	GlobalSection(ProjectConfigurationPlatforms) = postSolution
		{00002ADF-1BF9-4AD3-92DE-C634231C2326}.Debug|Any CPU.ActiveCfg = Debug|Any CPU
		{00002ADF-1BF9-4AD3-92DE-C634231C2326}.Debug|Any CPU.Build.0 = Debug|Any CPU
		{00002ADF-1BF9-4AD3-92DE-C634231C2326}.Release|Any CPU.ActiveCfg = Release|Any CPU
		{00002ADF-1BF9-4AD3-92DE-C634231C2326}.Release|Any CPU.Build.0 = Release|Any CPU
	EndGlobalSection
	GlobalSection(SolutionProperties) = preSolution
		HideSolutionNode = FALSE
	EndGlobalSection
	GlobalSection(ExtensibilityGlobals) = postSolution
		SolutionGuid = {5DE95C10-F8FC-4ACD-97BB-4B07AAC04E3F}
	EndGlobalSection
EndGlobal
